
Microsoft Visual Studio Solution File, Format Version 12.00
# Visual Studio 15
VisualStudioVersion = 15.0.28010.2050
MinimumVisualStudioVersion = 10.0.40219.1
Project("{FAE04EC0-301F-11D3-BF4B-00C04F79EFBC}") = "MyTreeWpfApp2", "MyTreeWpfApp2\MyTreeWpfApp2.csproj", "{39616EFF-CE76-4A78-9E44-B2C2707D36AD}"
EndProject
Global
	GlobalSection(SolutionConfigurationPlatforms) = preSolution
		Debug|Any CPU = Debug|Any CPU
		Release|Any CPU = Release|Any CPU
	EndGlobalSection
	GlobalSection(ProjectConfigurationPlatforms) = postSolution
		{39616EFF-CE76-4A78-9E44-B2C2707D36AD}.Debug|Any CPU.ActiveCfg = Debug|Any CPU
		{39616EFF-CE76-4A78-9E44-B2C2707D36AD}.Debug|Any CPU.Build.0 = Debug|Any CPU
		{39616EFF-CE76-4A78-9E44-B2C2707D36AD}.Release|Any CPU.ActiveCfg = Release|Any CPU
		{39616EFF-CE76-4A78-9E44-B2C2707D36AD}.Release|Any CPU.Build.0 = Release|Any CPU
	EndGlobalSection
	GlobalSection(SolutionProperties) = preSolution
		HideSolutionNode = FALSE
	EndGlobalSection
	GlobalSection(ExtensibilityGlobals) = postSolution
		SolutionGuid = {F6764AFB-9F0F-4CA4-B155-C25FAD6182E8}
	EndGlobalSection
EndGlobal
